
Microsoft Visual Studio Solution File, Format Version 12.00
# Visual Studio Version 17
VisualStudioVersion = 17.1.32328.378
MinimumVisualStudioVersion = 10.0.40219.1
Project("{9092AA53-FB77-4645-B42D-1CCCA6BD08BD}") = "Project", "Project.njsproj", "{07A47AE7-6E2C-456F-9CEE-66ABD7CC4544}"
EndProject
Global
	GlobalSection(SolutionConfigurationPlatforms) = preSolution
		Debug|Any CPU = Debug|Any CPU
		Release|Any CPU = Release|Any CPU
	EndGlobalSection
	GlobalSection(ProjectConfigurationPlatforms) = postSolution
		{07A47AE7-6E2C-456F-9CEE-66ABD7CC4544}.Debug|Any CPU.ActiveCfg = Debug|Any CPU
		{07A47AE7-6E2C-456F-9CEE-66ABD7CC4544}.Debug|Any CPU.Build.0 = Debug|Any CPU
		{07A47AE7-6E2C-456F-9CEE-66ABD7CC4544}.Release|Any CPU.ActiveCfg = Release|Any CPU
		{07A47AE7-6E2C-456F-9CEE-66ABD7CC4544}.Release|Any CPU.Build.0 = Release|Any CPU
	EndGlobalSection
	GlobalSection(SolutionProperties) = preSolution
		HideSolutionNode = FALSE
	EndGlobalSection
	GlobalSection(ExtensibilityGlobals) = postSolution
		SolutionGuid = {96D6736A-43DA-494B-AC57-1F35EF4FB6B6}
	EndGlobalSection
EndGlobal
